
Microsoft Visual Studio Solution File, Format Version 12.00
# Visual Studio Version 16
VisualStudioVersion = 16.0.30309.148
MinimumVisualStudioVersion = 10.0.40219.1
Project("{FAE04EC0-301F-11D3-BF4B-00C04F79EFBC}") = "Lab4_5ListForEachLoopTriviaLeaderboard", "Lab4_5ListForEachLoopTriviaLeaderboard.csproj", "{123B5C2F-B3AC-4E6D-A50B-490FF04CE83E}"
EndProject
Global
	GlobalSection(SolutionConfigurationPlatforms) = preSolution
		Debug|Any CPU = Debug|Any CPU
		Release|Any CPU = Release|Any CPU
	EndGlobalSection
	GlobalSection(ProjectConfigurationPlatforms) = postSolution
		{123B5C2F-B3AC-4E6D-A50B-490FF04CE83E}.Debug|Any CPU.ActiveCfg = Debug|Any CPU
		{123B5C2F-B3AC-4E6D-A50B-490FF04CE83E}.Debug|Any CPU.Build.0 = Debug|Any CPU
		{123B5C2F-B3AC-4E6D-A50B-490FF04CE83E}.Release|Any CPU.ActiveCfg = Release|Any CPU
		{123B5C2F-B3AC-4E6D-A50B-490FF04CE83E}.Release|Any CPU.Build.0 = Release|Any CPU
	EndGlobalSection
	GlobalSection(SolutionProperties) = preSolution
		HideSolutionNode = FALSE
	EndGlobalSection
	GlobalSection(ExtensibilityGlobals) = postSolution
		SolutionGuid = {5C021902-F549-42D9-9425-69C78F35ACC1}
	EndGlobalSection
EndGlobal
